
Microsoft Visual Studio Solution File, Format Version 12.00
# Visual Studio Version 17
VisualStudioVersion = 17.14.36518.9 d17.14
MinimumVisualStudioVersion = 10.0.40219.1
Project("{FAE04EC0-301F-11D3-BF4B-00C04F79EFBC}") = "OrdenamientoMultihilo", "OrdenamientoMultihilo.csproj", "{282299F3-B019-49BF-889B-2AADFEF4595E}"
EndProject
Global
	GlobalSection(SolutionConfigurationPlatforms) = preSolution
		Debug|Any CPU = Debug|Any CPU
		Release|Any CPU = Release|Any CPU
	EndGlobalSection
	GlobalSection(ProjectConfigurationPlatforms) = postSolution
		{282299F3-B019-49BF-889B-2AADFEF4595E}.Debug|Any CPU.ActiveCfg = Debug|Any CPU
		{282299F3-B019-49BF-889B-2AADFEF4595E}.Debug|Any CPU.Build.0 = Debug|Any CPU
		{282299F3-B019-49BF-889B-2AADFEF4595E}.Release|Any CPU.ActiveCfg = Release|Any CPU
		{282299F3-B019-49BF-889B-2AADFEF4595E}.Release|Any CPU.Build.0 = Release|Any CPU
	EndGlobalSection
	GlobalSection(SolutionProperties) = preSolution
		HideSolutionNode = FALSE
	EndGlobalSection
	GlobalSection(ExtensibilityGlobals) = postSolution
		SolutionGuid = {507C797C-508E-46A0-8628-5033DF59E5EA}
	EndGlobalSection
EndGlobal
